
Microsoft Visual Studio Solution File, Format Version 12.00
# Visual Studio Version 17
VisualStudioVersion = 17.5.33516.290
MinimumVisualStudioVersion = 10.0.40219.1
Project("{FAE04EC0-301F-11D3-BF4B-00C04F79EFBC}") = "MoviWed", "MoviWed\MoviWed.csproj", "{DFABD339-7562-479C-B51C-BDC1A569D3BC}"
EndProject
Global
	GlobalSection(SolutionConfigurationPlatforms) = preSolution
		Debug|Any CPU = Debug|Any CPU
		Release|Any CPU = Release|Any CPU
	EndGlobalSection
	GlobalSection(ProjectConfigurationPlatforms) = postSolution
		{DFABD339-7562-479C-B51C-BDC1A569D3BC}.Debug|Any CPU.ActiveCfg = Debug|Any CPU
		{DFABD339-7562-479C-B51C-BDC1A569D3BC}.Debug|Any CPU.Build.0 = Debug|Any CPU
		{DFABD339-7562-479C-B51C-BDC1A569D3BC}.Release|Any CPU.ActiveCfg = Release|Any CPU
		{DFABD339-7562-479C-B51C-BDC1A569D3BC}.Release|Any CPU.Build.0 = Release|Any CPU
	EndGlobalSection
	GlobalSection(SolutionProperties) = preSolution
		HideSolutionNode = FALSE
	EndGlobalSection
	GlobalSection(ExtensibilityGlobals) = postSolution
		SolutionGuid = {CB0C8FAF-FE58-44BB-9E55-CBB286FCF8E8}
	EndGlobalSection
EndGlobal
